
Microsoft Visual Studio Solution File, Format Version 12.00
# Visual Studio Version 16
VisualStudioVersion = 16.0.808.7
MinimumVisualStudioVersion = 10.0.40219.1
Project("{FAE04EC0-301F-11D3-BF4B-00C04F79EFBC}") = "IntroducingCS", "IntroducingCS\IntroducingCS.csproj", "{192A6977-6CAB-4627-BB31-CE6B0F016CB9}"
EndProject
Global
	GlobalSection(SolutionConfigurationPlatforms) = preSolution
		Debug|Any CPU = Debug|Any CPU
		Release|Any CPU = Release|Any CPU
	EndGlobalSection
	GlobalSection(ProjectConfigurationPlatforms) = postSolution
		{192A6977-6CAB-4627-BB31-CE6B0F016CB9}.Debug|Any CPU.ActiveCfg = Debug|Any CPU
		{192A6977-6CAB-4627-BB31-CE6B0F016CB9}.Debug|Any CPU.Build.0 = Debug|Any CPU
		{192A6977-6CAB-4627-BB31-CE6B0F016CB9}.Release|Any CPU.ActiveCfg = Release|Any CPU
		{192A6977-6CAB-4627-BB31-CE6B0F016CB9}.Release|Any CPU.Build.0 = Release|Any CPU
	EndGlobalSection
	GlobalSection(SolutionProperties) = preSolution
		HideSolutionNode = FALSE
	EndGlobalSection
	GlobalSection(ExtensibilityGlobals) = postSolution
		SolutionGuid = {113AC65D-6B57-4AA7-AC75-10EE24127B8B}
	EndGlobalSection
EndGlobal
