
Microsoft Visual Studio Solution File, Format Version 12.00
# Visual Studio Version 16
VisualStudioVersion = 16.0.810.11
MinimumVisualStudioVersion = 10.0.40219.1
Project("{FAE04EC0-301F-11D3-BF4B-00C04F79EFBC}") = "project123", "project123\project123.csproj", "{B89BCAF5-67C2-4416-88A0-AB6F6ACE466E}"
EndProject
Global
	GlobalSection(SolutionConfigurationPlatforms) = preSolution
		Debug|Any CPU = Debug|Any CPU
		Release|Any CPU = Release|Any CPU
	EndGlobalSection
	GlobalSection(ProjectConfigurationPlatforms) = postSolution
		{B89BCAF5-67C2-4416-88A0-AB6F6ACE466E}.Debug|Any CPU.ActiveCfg = Debug|Any CPU
		{B89BCAF5-67C2-4416-88A0-AB6F6ACE466E}.Debug|Any CPU.Build.0 = Debug|Any CPU
		{B89BCAF5-67C2-4416-88A0-AB6F6ACE466E}.Release|Any CPU.ActiveCfg = Release|Any CPU
		{B89BCAF5-67C2-4416-88A0-AB6F6ACE466E}.Release|Any CPU.Build.0 = Release|Any CPU
	EndGlobalSection
	GlobalSection(SolutionProperties) = preSolution
		HideSolutionNode = FALSE
	EndGlobalSection
	GlobalSection(ExtensibilityGlobals) = postSolution
		SolutionGuid = {AE3F5A29-E524-4E55-8E67-259498AC4766}
	EndGlobalSection
EndGlobal
