
Microsoft Visual Studio Solution File, Format Version 12.00
# Visual Studio Version 16
VisualStudioVersion = 16.0.810.17
MinimumVisualStudioVersion = 10.0.40219.1
Project("{FAE04EC0-301F-11D3-BF4B-00C04F79EFBC}") = "fsd-cs-OOP1", "fsd-cs-OOP1\fsd-cs-OOP1.csproj", "{5785E7B8-ECF3-4729-8C0A-B55DD35D28CB}"
EndProject
Global
	GlobalSection(SolutionConfigurationPlatforms) = preSolution
		Debug|Any CPU = Debug|Any CPU
		Release|Any CPU = Release|Any CPU
	EndGlobalSection
	GlobalSection(ProjectConfigurationPlatforms) = postSolution
		{5785E7B8-ECF3-4729-8C0A-B55DD35D28CB}.Debug|Any CPU.ActiveCfg = Debug|Any CPU
		{5785E7B8-ECF3-4729-8C0A-B55DD35D28CB}.Debug|Any CPU.Build.0 = Debug|Any CPU
		{5785E7B8-ECF3-4729-8C0A-B55DD35D28CB}.Release|Any CPU.ActiveCfg = Release|Any CPU
		{5785E7B8-ECF3-4729-8C0A-B55DD35D28CB}.Release|Any CPU.Build.0 = Release|Any CPU
	EndGlobalSection
	GlobalSection(SolutionProperties) = preSolution
		HideSolutionNode = FALSE
	EndGlobalSection
	GlobalSection(ExtensibilityGlobals) = postSolution
		SolutionGuid = {B24CC97C-5383-4F6D-9044-A1B785C55C06}
	EndGlobalSection
EndGlobal
