
Microsoft Visual Studio Solution File, Format Version 12.00
# Visual Studio Version 16
VisualStudioVersion = 16.0.810.17
MinimumVisualStudioVersion = 10.0.40219.1
Project("{FAE04EC0-301F-11D3-BF4B-00C04F79EFBC}") = "Html5Project", "Html5Project\Html5Project.csproj", "{9C48539F-90C3-4E3B-B3B7-499762C3D7E0}"
EndProject
Global
	GlobalSection(SolutionConfigurationPlatforms) = preSolution
		Debug|Any CPU = Debug|Any CPU
		Release|Any CPU = Release|Any CPU
	EndGlobalSection
	GlobalSection(ProjectConfigurationPlatforms) = postSolution
		{9C48539F-90C3-4E3B-B3B7-499762C3D7E0}.Debug|Any CPU.ActiveCfg = Debug|Any CPU
		{9C48539F-90C3-4E3B-B3B7-499762C3D7E0}.Debug|Any CPU.Build.0 = Debug|Any CPU
		{9C48539F-90C3-4E3B-B3B7-499762C3D7E0}.Release|Any CPU.ActiveCfg = Release|Any CPU
		{9C48539F-90C3-4E3B-B3B7-499762C3D7E0}.Release|Any CPU.Build.0 = Release|Any CPU
	EndGlobalSection
	GlobalSection(SolutionProperties) = preSolution
		HideSolutionNode = FALSE
	EndGlobalSection
	GlobalSection(ExtensibilityGlobals) = postSolution
		SolutionGuid = {08669707-F6BF-47B9-8AF7-A4792CA73994}
	EndGlobalSection
EndGlobal
