
Microsoft Visual Studio Solution File, Format Version 12.00
# Visual Studio Version 16
VisualStudioVersion = 16.0.810.17
MinimumVisualStudioVersion = 10.0.40219.1
Project("{FAE04EC0-301F-11D3-BF4B-00C04F79EFBC}") = "FSD-cs-Lab2b", "FSD-cs-Lab2b\FSD-cs-Lab2b.csproj", "{DFA1B1D7-B2B7-45EA-920C-9C05CA99D940}"
EndProject
Global
	GlobalSection(SolutionConfigurationPlatforms) = preSolution
		Debug|Any CPU = Debug|Any CPU
		Release|Any CPU = Release|Any CPU
	EndGlobalSection
	GlobalSection(ProjectConfigurationPlatforms) = postSolution
		{DFA1B1D7-B2B7-45EA-920C-9C05CA99D940}.Debug|Any CPU.ActiveCfg = Debug|Any CPU
		{DFA1B1D7-B2B7-45EA-920C-9C05CA99D940}.Debug|Any CPU.Build.0 = Debug|Any CPU
		{DFA1B1D7-B2B7-45EA-920C-9C05CA99D940}.Release|Any CPU.ActiveCfg = Release|Any CPU
		{DFA1B1D7-B2B7-45EA-920C-9C05CA99D940}.Release|Any CPU.Build.0 = Release|Any CPU
	EndGlobalSection
	GlobalSection(SolutionProperties) = preSolution
		HideSolutionNode = FALSE
	EndGlobalSection
	GlobalSection(ExtensibilityGlobals) = postSolution
		SolutionGuid = {54CDBBC9-26BF-4D3F-AEE0-2C5B172CDAAD}
	EndGlobalSection
EndGlobal
