
Microsoft Visual Studio Solution File, Format Version 12.00
# Visual Studio Version 16
VisualStudioVersion = 16.0.810.11
MinimumVisualStudioVersion = 10.0.40219.1
Project("{FAE04EC0-301F-11D3-BF4B-00C04F79EFBC}") = "SDF-1Ex5", "SDF-1Ex5\SDF-1Ex5.csproj", "{29C92144-C1BC-4D4A-8749-82A16C8EC599}"
EndProject
Global
	GlobalSection(SolutionConfigurationPlatforms) = preSolution
		Debug|Any CPU = Debug|Any CPU
		Release|Any CPU = Release|Any CPU
	EndGlobalSection
	GlobalSection(ProjectConfigurationPlatforms) = postSolution
		{29C92144-C1BC-4D4A-8749-82A16C8EC599}.Debug|Any CPU.ActiveCfg = Debug|Any CPU
		{29C92144-C1BC-4D4A-8749-82A16C8EC599}.Debug|Any CPU.Build.0 = Debug|Any CPU
		{29C92144-C1BC-4D4A-8749-82A16C8EC599}.Release|Any CPU.ActiveCfg = Release|Any CPU
		{29C92144-C1BC-4D4A-8749-82A16C8EC599}.Release|Any CPU.Build.0 = Release|Any CPU
	EndGlobalSection
	GlobalSection(SolutionProperties) = preSolution
		HideSolutionNode = FALSE
	EndGlobalSection
	GlobalSection(ExtensibilityGlobals) = postSolution
		SolutionGuid = {830D1B94-E3C5-4CC8-8B86-2928E22ADA3F}
	EndGlobalSection
	GlobalSection(MonoDevelopProperties) = preSolution
		BaseDirectory = ../SDF-1Ex5b
	EndGlobalSection
EndGlobal
