
Microsoft Visual Studio Solution File, Format Version 12.00
# Visual Studio Version 16
VisualStudioVersion = 16.0.810.11
MinimumVisualStudioVersion = 10.0.40219.1
Project("{FAE04EC0-301F-11D3-BF4B-00C04F79EFBC}") = "winform1", "winform1\winform1.csproj", "{981967EC-8FDE-43AF-B743-340C1F98FB0E}"
EndProject
Global
	GlobalSection(SolutionConfigurationPlatforms) = preSolution
		Debug|Any CPU = Debug|Any CPU
		Release|Any CPU = Release|Any CPU
	EndGlobalSection
	GlobalSection(ProjectConfigurationPlatforms) = postSolution
		{981967EC-8FDE-43AF-B743-340C1F98FB0E}.Debug|Any CPU.ActiveCfg = Debug|Any CPU
		{981967EC-8FDE-43AF-B743-340C1F98FB0E}.Debug|Any CPU.Build.0 = Debug|Any CPU
		{981967EC-8FDE-43AF-B743-340C1F98FB0E}.Release|Any CPU.ActiveCfg = Release|Any CPU
		{981967EC-8FDE-43AF-B743-340C1F98FB0E}.Release|Any CPU.Build.0 = Release|Any CPU
	EndGlobalSection
	GlobalSection(SolutionProperties) = preSolution
		HideSolutionNode = FALSE
	EndGlobalSection
	GlobalSection(ExtensibilityGlobals) = postSolution
		SolutionGuid = {973C119C-A702-462A-9D67-DA9CBE77DD34}
	EndGlobalSection
EndGlobal
