
Microsoft Visual Studio Solution File, Format Version 12.00
# Visual Studio Version 16
VisualStudioVersion = 16.0.809.4
MinimumVisualStudioVersion = 10.0.40219.1
Project("{FAE04EC0-301F-11D3-BF4B-00C04F79EFBC}") = "Trial", "Trial\Trial.csproj", "{C6AAE0F1-9749-4F48-B949-8265D6A8876C}"
EndProject
Global
	GlobalSection(SolutionConfigurationPlatforms) = preSolution
		Debug|Any CPU = Debug|Any CPU
		Release|Any CPU = Release|Any CPU
	EndGlobalSection
	GlobalSection(ProjectConfigurationPlatforms) = postSolution
		{C6AAE0F1-9749-4F48-B949-8265D6A8876C}.Debug|Any CPU.ActiveCfg = Debug|Any CPU
		{C6AAE0F1-9749-4F48-B949-8265D6A8876C}.Debug|Any CPU.Build.0 = Debug|Any CPU
		{C6AAE0F1-9749-4F48-B949-8265D6A8876C}.Release|Any CPU.ActiveCfg = Release|Any CPU
		{C6AAE0F1-9749-4F48-B949-8265D6A8876C}.Release|Any CPU.Build.0 = Release|Any CPU
	EndGlobalSection
	GlobalSection(SolutionProperties) = preSolution
		HideSolutionNode = FALSE
	EndGlobalSection
	GlobalSection(ExtensibilityGlobals) = postSolution
		SolutionGuid = {967A6ADB-8E8E-4C33-A683-7D3499653DD6}
	EndGlobalSection
EndGlobal
