
Microsoft Visual Studio Solution File, Format Version 12.00
# Visual Studio Version 16
VisualStudioVersion = 16.0.810.11
MinimumVisualStudioVersion = 10.0.40219.1
Project("{FAE04EC0-301F-11D3-BF4B-00C04F79EFBC}") = "SFD-HeapStack", "SFD-HeapStack\SFD-HeapStack.csproj", "{23B09909-A834-4C3D-A34B-BC663FCDE959}"
EndProject
Global
	GlobalSection(SolutionConfigurationPlatforms) = preSolution
		Debug|Any CPU = Debug|Any CPU
		Release|Any CPU = Release|Any CPU
	EndGlobalSection
	GlobalSection(ProjectConfigurationPlatforms) = postSolution
		{23B09909-A834-4C3D-A34B-BC663FCDE959}.Debug|Any CPU.ActiveCfg = Debug|Any CPU
		{23B09909-A834-4C3D-A34B-BC663FCDE959}.Debug|Any CPU.Build.0 = Debug|Any CPU
		{23B09909-A834-4C3D-A34B-BC663FCDE959}.Release|Any CPU.ActiveCfg = Release|Any CPU
		{23B09909-A834-4C3D-A34B-BC663FCDE959}.Release|Any CPU.Build.0 = Release|Any CPU
	EndGlobalSection
	GlobalSection(SolutionProperties) = preSolution
		HideSolutionNode = FALSE
	EndGlobalSection
	GlobalSection(ExtensibilityGlobals) = postSolution
		SolutionGuid = {9A9E94E6-2C0F-449B-BB0E-08E96948A314}
	EndGlobalSection
EndGlobal
