
Microsoft Visual Studio Solution File, Format Version 12.00
# Visual Studio Version 16
VisualStudioVersion = 16.0.810.17
MinimumVisualStudioVersion = 10.0.40219.1
Project("{FAE04EC0-301F-11D3-BF4B-00C04F79EFBC}") = "fsd-cs-OOP9", "fsd-cs-OOP9\fsd-cs-OOP9.csproj", "{206F8D95-5B11-4731-8834-ADD2C2A04CA5}"
EndProject
Global
	GlobalSection(SolutionConfigurationPlatforms) = preSolution
		Debug|Any CPU = Debug|Any CPU
		Release|Any CPU = Release|Any CPU
	EndGlobalSection
	GlobalSection(ProjectConfigurationPlatforms) = postSolution
		{206F8D95-5B11-4731-8834-ADD2C2A04CA5}.Debug|Any CPU.ActiveCfg = Debug|Any CPU
		{206F8D95-5B11-4731-8834-ADD2C2A04CA5}.Debug|Any CPU.Build.0 = Debug|Any CPU
		{206F8D95-5B11-4731-8834-ADD2C2A04CA5}.Release|Any CPU.ActiveCfg = Release|Any CPU
		{206F8D95-5B11-4731-8834-ADD2C2A04CA5}.Release|Any CPU.Build.0 = Release|Any CPU
	EndGlobalSection
	GlobalSection(SolutionProperties) = preSolution
		HideSolutionNode = FALSE
	EndGlobalSection
	GlobalSection(ExtensibilityGlobals) = postSolution
		SolutionGuid = {B53E8E86-6A6C-46AA-B987-15BE3C4B7F91}
	EndGlobalSection
EndGlobal
